
Microsoft Visual Studio Solution File, Format Version 12.00
# Visual Studio Version 16
VisualStudioVersion = 25.0.1704.2
MinimumVisualStudioVersion = 10.0.40219.1
Project("{FAE04EC0-301F-11D3-BF4B-00C04F79EFBC}") = "Deliverable 3 - Iterative Statement", "Deliverable 3 - Iterative Statement\Deliverable 3 - Iterative Statement.csproj", "{A461507A-7E27-4A35-93A6-7289C603421A}"
EndProject
Global
	GlobalSection(SolutionConfigurationPlatforms) = preSolution
		Debug|Any CPU = Debug|Any CPU
		Release|Any CPU = Release|Any CPU
	EndGlobalSection
	GlobalSection(ProjectConfigurationPlatforms) = postSolution
		{A461507A-7E27-4A35-93A6-7289C603421A}.Debug|Any CPU.ActiveCfg = Debug|Any CPU
		{A461507A-7E27-4A35-93A6-7289C603421A}.Debug|Any CPU.Build.0 = Debug|Any CPU
		{A461507A-7E27-4A35-93A6-7289C603421A}.Release|Any CPU.ActiveCfg = Release|Any CPU
		{A461507A-7E27-4A35-93A6-7289C603421A}.Release|Any CPU.Build.0 = Release|Any CPU
	EndGlobalSection
	GlobalSection(SolutionProperties) = preSolution
		HideSolutionNode = FALSE
	EndGlobalSection
	GlobalSection(ExtensibilityGlobals) = postSolution
		SolutionGuid = {F0E3024C-F0B2-4245-8CA4-287FC5CB198E}
	EndGlobalSection
EndGlobal
